
Microsoft Visual Studio Solution File, Format Version 12.00
# Visual Studio Version 17
VisualStudioVersion = 17.14.36301.6 d17.14
MinimumVisualStudioVersion = 10.0.40219.1
Project("{FAE04EC0-301F-11D3-BF4B-00C04F79EFBC}") = "ConsoleSoftlock", "ConsoleSoftlock\ConsoleSoftlock.csproj", "{FE4E5E47-6982-4F22-9866-0E84B62A45D0}"
EndProject
Global
	GlobalSection(SolutionConfigurationPlatforms) = preSolution
		Debug|Any CPU = Debug|Any CPU
		Release|Any CPU = Release|Any CPU
	EndGlobalSection
	GlobalSection(ProjectConfigurationPlatforms) = postSolution
		{FE4E5E47-6982-4F22-9866-0E84B62A45D0}.Debug|Any CPU.ActiveCfg = Debug|Any CPU
		{FE4E5E47-6982-4F22-9866-0E84B62A45D0}.Debug|Any CPU.Build.0 = Debug|Any CPU
		{FE4E5E47-6982-4F22-9866-0E84B62A45D0}.Release|Any CPU.ActiveCfg = Release|Any CPU
		{FE4E5E47-6982-4F22-9866-0E84B62A45D0}.Release|Any CPU.Build.0 = Release|Any CPU
	EndGlobalSection
	GlobalSection(SolutionProperties) = preSolution
		HideSolutionNode = FALSE
	EndGlobalSection
	GlobalSection(ExtensibilityGlobals) = postSolution
		SolutionGuid = {857C7E07-7E0C-40AC-ACDB-6A032E730C7C}
	EndGlobalSection
EndGlobal
